
Microsoft Visual Studio Solution File, Format Version 12.00
# Visual Studio Version 17
VisualStudioVersion = 17.14.36221.1 d17.14
MinimumVisualStudioVersion = 10.0.40219.1
Project("{FAE04EC0-301F-11D3-BF4B-00C04F79EFBC}") = "Assignment_4.2", "Assignment_4.2.csproj", "{A892E745-4A25-4C00-95A8-04A337966F73}"
EndProject
Global
	GlobalSection(SolutionConfigurationPlatforms) = preSolution
		Debug|Any CPU = Debug|Any CPU
		Release|Any CPU = Release|Any CPU
	EndGlobalSection
	GlobalSection(ProjectConfigurationPlatforms) = postSolution
		{A892E745-4A25-4C00-95A8-04A337966F73}.Debug|Any CPU.ActiveCfg = Debug|Any CPU
		{A892E745-4A25-4C00-95A8-04A337966F73}.Debug|Any CPU.Build.0 = Debug|Any CPU
		{A892E745-4A25-4C00-95A8-04A337966F73}.Release|Any CPU.ActiveCfg = Release|Any CPU
		{A892E745-4A25-4C00-95A8-04A337966F73}.Release|Any CPU.Build.0 = Release|Any CPU
	EndGlobalSection
	GlobalSection(SolutionProperties) = preSolution
		HideSolutionNode = FALSE
	EndGlobalSection
	GlobalSection(ExtensibilityGlobals) = postSolution
		SolutionGuid = {FF405391-A3FD-4FEC-9D25-1B0F9D4EE7F8}
	EndGlobalSection
EndGlobal
